// !$*UTF8*$!
{
	archiveVersion = 1;
	classes = {
	};
	objectVersion = 51;
	objects = {

/* Begin PBXBuildFile section */
		23393DF2A843561F06B4C8F1 /* Pods_CatExpo.framework in Frameworks */ = {isa = PBXBuildFile; fileRef = 4F567D02CCB1D8D42BC3DC6F /* Pods_CatExpo.framework */; };
		2F091BC1250802EA00AA70F8 /* ImagePicker.swift in Sources */ = {isa = PBXBuildFile; fileRef = 2F091BC0250802EA00AA70F8 /* ImagePicker.swift */; };
		2FCDD8D42505085200677743 /* AppDelegate.swift in Sources */ = {isa = PBXBuildFile; fileRef = 2FCDD8D32505085200677743 /* AppDelegate.swift */; };
		2FCDD8D62505085200677743 /* SceneDelegate.swift in Sources */ = {isa = PBXBuildFile; fileRef = 2FCDD8D52505085200677743 /* SceneDelegate.swift */; };
		2FCDD8D82505085200677743 /* ContentView.swift in Sources */ = {isa = PBXBuildFile; fileRef = 2FCDD8D72505085200677743 /* ContentView.swift */; };
		2FCDD8DA2505085300677743 /* Assets.xcassets in Resources */ = {isa = PBXBuildFile; fileRef = 2FCDD8D92505085300677743 /* Assets.xcassets */; };
		2FCDD8DD2505085300677743 /* Preview Assets.xcassets in Resources */ = {isa = PBXBuildFile; fileRef = 2FCDD8DC2505085300677743 /* Preview Assets.xcassets */; };
		2FCDD8E02505085300677743 /* LaunchScreen.storyboard in Resources */ = {isa = PBXBuildFile; fileRef = 2FCDD8DE2505085300677743 /* LaunchScreen.storyboard */; };
		2FCDD8E92505091700677743 /* Cat.swift in Sources */ = {isa = PBXBuildFile; fileRef = 2FCDD8E82505091700677743 /* Cat.swift */; };
		2FCDD8EC25058BE000677743 /* ImageView.swift in Sources */ = {isa = PBXBuildFile; fileRef = 2FCDD8EB25058BE000677743 /* ImageView.swift */; };
		2FCDD8EE25058CC400677743 /* CatView.swift in Sources */ = {isa = PBXBuildFile; fileRef = 2FCDD8ED25058CC400677743 /* CatView.swift */; };
/* End PBXBuildFile section */

/* Begin PBXFileReference section */
		2F091BC0250802EA00AA70F8 /* ImagePicker.swift */ = {isa = PBXFileReference; lastKnownFileType = sourcecode.swift; path = ImagePicker.swift; sourceTree = "<group>"; };
		2FCDD8D02505085200677743 /* CatExpo.app */ = {isa = PBXFileReference; explicitFileType = wrapper.application; includeInIndex = 0; path = CatExpo.app; sourceTree = BUILT_PRODUCTS_DIR; };
		2FCDD8D32505085200677743 /* AppDelegate.swift */ = {isa = PBXFileReference; lastKnownFileType = sourcecode.swift; path = AppDelegate.swift; sourceTree = "<group>"; };
		2FCDD8D52505085200677743 /* SceneDelegate.swift */ = {isa = PBXFileReference; lastKnownFileType = sourcecode.swift; path = SceneDelegate.swift; sourceTree = "<group>"; };
		2FCDD8D72505085200677743 /* ContentView.swift */ = {isa = PBXFileReference; lastKnownFileType = sourcecode.swift; path = ContentView.swift; sourceTree = "<group>"; };
		2FCDD8D92505085300677743 /* Assets.xcassets */ = {isa = PBXFileReference; lastKnownFileType = folder.assetcatalog; path = Assets.xcassets; sourceTree = "<group>"; };
		2FCDD8DC2505085300677743 /* Preview Assets.xcassets */ = {isa = PBXFileReference; lastKnownFileType = folder.assetcatalog; path = "Preview Assets.xcassets"; sourceTree = "<group>"; };
		2FCDD8DF2505085300677743 /* Base */ = {isa = PBXFileReference; lastKnownFileType = file.storyboard; name = Base; path = Base.lproj/LaunchScreen.storyboard; sourceTree = "<group>"; };
		2FCDD8E12505085300677743 /* Info.plist */ = {isa = PBXFileReference; lastKnownFileType = text.plist.xml; path = Info.plist; sourceTree = "<group>"; };
		2FCDD8E82505091700677743 /* Cat.swift */ = {isa = PBXFileReference; lastKnownFileType = sourcecode.swift; path = Cat.swift; sourceTree = "<group>"; };
		2FCDD8EB25058BE000677743 /* ImageView.swift */ = {isa = PBXFileReference; lastKnownFileType = sourcecode.swift; path = ImageView.swift; sourceTree = "<group>"; };
		2FCDD8ED25058CC400677743 /* CatView.swift */ = {isa = PBXFileReference; lastKnownFileType = sourcecode.swift; path = CatView.swift; sourceTree = "<group>"; };
		2FCDD8EF2505951A00677743 /* CatExpo.entitlements */ = {isa = PBXFileReference; lastKnownFileType = text.plist.entitlements; path = CatExpo.entitlements; sourceTree = "<group>"; };
		46D5D41D368939D626779055 /* Pods-CatExpo.debug.xcconfig */ = {isa = PBXFileReference; includeInIndex = 1; lastKnownFileType = text.xcconfig; name = "Pods-CatExpo.debug.xcconfig"; path = "Target Support Files/Pods-CatExpo/Pods-CatExpo.debug.xcconfig"; sourceTree = "<group>"; };
		4F567D02CCB1D8D42BC3DC6F /* Pods_CatExpo.framework */ = {isa = PBXFileReference; explicitFileType = wrapper.framework; includeInIndex = 0; path = Pods_CatExpo.framework; sourceTree = BUILT_PRODUCTS_DIR; };
		C08591CC74DEFF1E276AEFE4 /* Pods-CatExpo.release.xcconfig */ = {isa = PBXFileReference; includeInIndex = 1; lastKnownFileType = text.xcconfig; name = "Pods-CatExpo.release.xcconfig"; path = "Target Support Files/Pods-CatExpo/Pods-CatExpo.release.xcconfig"; sourceTree = "<group>"; };
/* End PBXFileReference section */

/* Begin PBXFrameworksBuildPhase section */
		2FCDD8CD2505085200677743 /* Frameworks */ = {
			isa = PBXFrameworksBuildPhase;
			buildActionMask = 2147483647;
			files = (
				23393DF2A843561F06B4C8F1 /* Pods_CatExpo.framework in Frameworks */,
			);
			runOnlyForDeploymentPostprocessing = 0;
		};
/* End PBXFrameworksBuildPhase section */

/* Begin PBXGroup section */
		184C823E7034CD6BFB78EDFC /* Frameworks */ = {
			isa = PBXGroup;
			children = (
				4F567D02CCB1D8D42BC3DC6F /* Pods_CatExpo.framework */,
			);
			name = Frameworks;
			sourceTree = "<group>";
		};
		2FCDD8C72505085200677743 = {
			isa = PBXGroup;
			children = (
				2FCDD8D22505085200677743 /* CatExpo */,
				2FCDD8D12505085200677743 /* Products */,
				9E2EE047001DED4FDA2862CC /* Pods */,
				184C823E7034CD6BFB78EDFC /* Frameworks */,
			);
			sourceTree = "<group>";
		};
		2FCDD8D12505085200677743 /* Products */ = {
			isa = PBXGroup;
			children = (
				2FCDD8D02505085200677743 /* CatExpo.app */,
			);
			name = Products;
			sourceTree = "<group>";
		};
		2FCDD8D22505085200677743 /* CatExpo */ = {
			isa = PBXGroup;
			children = (
				2FCDD8EF2505951A00677743 /* CatExpo.entitlements */,
				2FCDD8EA25058BC400677743 /* View */,
				2FCDD8E72505086000677743 /* Models */,
				2FCDD8D32505085200677743 /* AppDelegate.swift */,
				2FCDD8D52505085200677743 /* SceneDelegate.swift */,
				2FCDD8D72505085200677743 /* ContentView.swift */,
				2FCDD8D92505085300677743 /* Assets.xcassets */,
				2FCDD8DE2505085300677743 /* LaunchScreen.storyboard */,
				2FCDD8E12505085300677743 /* Info.plist */,
				2FCDD8DB2505085300677743 /* Preview Content */,
			);
			path = CatExpo;
			sourceTree = "<group>";
		};
		2FCDD8DB2505085300677743 /* Preview Content */ = {
			isa = PBXGroup;
			children = (
				2FCDD8DC2505085300677743 /* Preview Assets.xcassets */,
			);
			path = "Preview Content";
			sourceTree = "<group>";
		};
		2FCDD8E72505086000677743 /* Models */ = {
			isa = PBXGroup;
			children = (
				2FCDD8E82505091700677743 /* Cat.swift */,
			);
			path = Models;
			sourceTree = "<group>";
		};
		2FCDD8EA25058BC400677743 /* View */ = {
			isa = PBXGroup;
			children = (
				2FCDD8EB25058BE000677743 /* ImageView.swift */,
				2FCDD8ED25058CC400677743 /* CatView.swift */,
				2F091BC0250802EA00AA70F8 /* ImagePicker.swift */,
			);
			path = View;
			sourceTree = "<group>";
		};
		9E2EE047001DED4FDA2862CC /* Pods */ = {
			isa = PBXGroup;
			children = (
				46D5D41D368939D626779055 /* Pods-CatExpo.debug.xcconfig */,
				C08591CC74DEFF1E276AEFE4 /* Pods-CatExpo.release.xcconfig */,
			);
			path = Pods;
			sourceTree = "<group>";
		};
/* End PBXGroup section */

/* Begin PBXNativeTarget section */
		2FCDD8CF2505085200677743 /* CatExpo */ = {
			isa = PBXNativeTarget;
			buildConfigurationList = 2FCDD8E42505085300677743 /* Build configuration list for PBXNativeTarget "CatExpo" */;
			buildPhases = (
				EAC923CD7DEEA6BC1D37D9E3 /* [CP] Check Pods Manifest.lock */,
				2FCDD8CC2505085200677743 /* Sources */,
				2FCDD8CD2505085200677743 /* Frameworks */,
				2FCDD8CE2505085200677743 /* Resources */,
				269C5F63868B0DC6CE83ACB0 /* [CP] Embed Pods Frameworks */,
			);
			buildRules = (
			);
			dependencies = (
			);
			name = CatExpo;
			productName = CatExpo;
			productReference = 2FCDD8D02505085200677743 /* CatExpo.app */;
			productType = "com.apple.product-type.application";
		};
/* End PBXNativeTarget section */

/* Begin PBXProject section */
		2FCDD8C82505085200677743 /* Project object */ = {
			isa = PBXProject;
			attributes = {
				LastSwiftUpdateCheck = 1170;
				LastUpgradeCheck = 1170;
				ORGANIZATIONNAME = "Nimer Farahty";
				TargetAttributes = {
					2FCDD8CF2505085200677743 = {
						CreatedOnToolsVersion = 11.7;
					};
				};
			};
			buildConfigurationList = 2FCDD8CB2505085200677743 /* Build configuration list for PBXProject "CatExpo" */;
			compatibilityVersion = "Xcode 9.3";
			developmentRegion = en;
			hasScannedForEncodings = 0;
			knownRegions = (
				en,
				Base,
			);
			mainGroup = 2FCDD8C72505085200677743;
			productRefGroup = 2FCDD8D12505085200677743 /* Products */;
			projectDirPath = "";
			projectRoot = "";
			targets = (
				2FCDD8CF2505085200677743 /* CatExpo */,
			);
		};
/* End PBXProject section */

/* Begin PBXResourcesBuildPhase section */
		2FCDD8CE2505085200677743 /* Resources */ = {
			isa = PBXResourcesBuildPhase;
			buildActionMask = 2147483647;
			files = (
				2FCDD8E02505085300677743 /* LaunchScreen.storyboard in Resources */,
				2FCDD8DD2505085300677743 /* Preview Assets.xcassets in Resources */,
				2FCDD8DA2505085300677743 /* Assets.xcassets in Resources */,
			);
			runOnlyForDeploymentPostprocessing = 0;
		};
/* End PBXResourcesBuildPhase section */

/* Begin PBXShellScriptBuildPhase section */
		269C5F63868B0DC6CE83ACB0 /* [CP] Embed Pods Frameworks */ = {
			isa = PBXShellScriptBuildPhase;
			buildActionMask = 2147483647;
			files = (
			);
			inputFileListPaths = (
				"${PODS_ROOT}/Target Support Files/Pods-CatExpo/Pods-CatExpo-frameworks-${CONFIGURATION}-input-files.xcfilelist",
			);
			name = "[CP] Embed Pods Frameworks";
			outputFileListPaths = (
				"${PODS_ROOT}/Target Support Files/Pods-CatExpo/Pods-CatExpo-frameworks-${CONFIGURATION}-output-files.xcfilelist",
			);
			runOnlyForDeploymentPostprocessing = 0;
			shellPath = /bin/sh;
			shellScript = "\"${PODS_ROOT}/Target Support Files/Pods-CatExpo/Pods-CatExpo-frameworks.sh\"\n";
			showEnvVarsInLog = 0;
		};
		EAC923CD7DEEA6BC1D37D9E3 /* [CP] Check Pods Manifest.lock */ = {
			isa = PBXShellScriptBuildPhase;
			buildActionMask = 2147483647;
			files = (
			);
			inputFileListPaths = (
			);
			inputPaths = (
				"${PODS_PODFILE_DIR_PATH}/Podfile.lock",
				"${PODS_ROOT}/Manifest.lock",
			);
			name = "[CP] Check Pods Manifest.lock";
			outputFileListPaths = (
			);
			outputPaths = (
				"$(DERIVED_FILE_DIR)/Pods-CatExpo-checkManifestLockResult.txt",
			);
			runOnlyForDeploymentPostprocessing = 0;
			shellPath = /bin/sh;
			shellScript = "diff \"${PODS_PODFILE_DIR_PATH}/Podfile.lock\" \"${PODS_ROOT}/Manifest.lock\" > /dev/null\nif [ $? != 0 ] ; then\n    # print error to STDERR\n    echo \"error: The sandbox is not in sync with the Podfile.lock. Run 'pod install' or update your CocoaPods installation.\" >&2\n    exit 1\nfi\n# This output is used by Xcode 'outputs' to avoid re-running this script phase.\necho \"SUCCESS\" > \"${SCRIPT_OUTPUT_FILE_0}\"\n";
			showEnvVarsInLog = 0;
		};
/* End PBXShellScriptBuildPhase section */

/* Begin PBXSourcesBuildPhase section */
		2FCDD8CC2505085200677743 /* Sources */ = {
			isa = PBXSourcesBuildPhase;
			buildActionMask = 2147483647;
			files = (
				2FCDD8EC25058BE000677743 /* ImageView.swift in Sources */,
				2FCDD8E92505091700677743 /* Cat.swift in Sources */,
				2FCDD8D42505085200677743 /* AppDelegate.swift in Sources */,
				2F091BC1250802EA00AA70F8 /* ImagePicker.swift in Sources */,
				2FCDD8D62505085200677743 /* SceneDelegate.swift in Sources */,
				2FCDD8D82505085200677743 /* ContentView.swift in Sources */,
				2FCDD8EE25058CC400677743 /* CatView.swift in Sources */,
			);
			runOnlyForDeploymentPostprocessing = 0;
		};
/* End PBXSourcesBuildPhase section */

/* Begin PBXVariantGroup section */
		2FCDD8DE2505085300677743 /* LaunchScreen.storyboard */ = {
			isa = PBXVariantGroup;
			children = (
				2FCDD8DF2505085300677743 /* Base */,
			);
			name = LaunchScreen.storyboard;
			sourceTree = "<group>";
		};
/* End PBXVariantGroup section */

/* Begin XCBuildConfiguration section */
		2FCDD8E22505085300677743 /* Debug */ = {
			isa = XCBuildConfiguration;
			buildSettings = {
				ALWAYS_SEARCH_USER_PATHS = NO;
				CLANG_ANALYZER_NONNULL = YES;
				CLANG_ANALYZER_NUMBER_OBJECT_CONVERSION = YES_AGGRESSIVE;
				CLANG_CXX_LANGUAGE_STANDARD = "gnu++14";
				CLANG_CXX_LIBRARY = "libc++";
				CLANG_ENABLE_MODULES = YES;
				CLANG_ENABLE_OBJC_ARC = YES;
				CLANG_ENABLE_OBJC_WEAK = YES;
				CLANG_WARN_BLOCK_CAPTURE_AUTORELEASING = YES;
				CLANG_WARN_BOOL_CONVERSION = YES;
				CLANG_WARN_COMMA = YES;
				CLANG_WARN_CONSTANT_CONVERSION = YES;
				CLANG_WARN_DEPRECATED_OBJC_IMPLEMENTATIONS = YES;
				CLANG_WARN_DIRECT_OBJC_ISA_USAGE = YES_ERROR;
				CLANG_WARN_DOCUMENTATION_COMMENTS = YES;
				CLANG_WARN_EMPTY_BODY = YES;
				CLANG_WARN_ENUM_CONVERSION = YES;
				CLANG_WARN_INFINITE_RECURSION = YES;
				CLANG_WARN_INT_CONVERSION = YES;
				CLANG_WARN_NON_LITERAL_NULL_CONVERSION = YES;
				CLANG_WARN_OBJC_IMPLICIT_RETAIN_SELF = YES;
				CLANG_WARN_OBJC_LITERAL_CONVERSION = YES;
				CLANG_WARN_OBJC_ROOT_CLASS = YES_ERROR;
				CLANG_WARN_RANGE_LOOP_ANALYSIS = YES;
				CLANG_WARN_STRICT_PROTOTYPES = YES;
				CLANG_WARN_SUSPICIOUS_MOVE = YES;
				CLANG_WARN_UNGUARDED_AVAILABILITY = YES_AGGRESSIVE;
				CLANG_WARN_UNREACHABLE_CODE = YES;
				CLANG_WARN__DUPLICATE_METHOD_MATCH = YES;
				COPY_PHASE_STRIP = NO;
				DEBUG_INFORMATION_FORMAT = dwarf;
				ENABLE_STRICT_OBJC_MSGSEND = YES;
				ENABLE_TESTABILITY = YES;
				GCC_C_LANGUAGE_STANDARD = gnu11;
				GCC_DYNAMIC_NO_PIC = NO;
				GCC_NO_COMMON_BLOCKS = YES;
				GCC_OPTIMIZATION_LEVEL = 0;
				GCC_PREPROCESSOR_DEFINITIONS = (
					"DEBUG=1",
					"$(inherited)",
				);
				GCC_WARN_64_TO_32_BIT_CONVERSION = YES;
				GCC_WARN_ABOUT_RETURN_TYPE = YES_ERROR;
				GCC_WARN_UNDECLARED_SELECTOR = YES;
				GCC_WARN_UNINITIALIZED_AUTOS = YES_AGGRESSIVE;
				GCC_WARN_UNUSED_FUNCTION = YES;
				GCC_WARN_UNUSED_VARIABLE = YES;
				IPHONEOS_DEPLOYMENT_TARGET = 13.7;
				MTL_ENABLE_DEBUG_INFO = INCLUDE_SOURCE;
				MTL_FAST_MATH = YES;
				ONLY_ACTIVE_ARCH = YES;
				SDKROOT = iphoneos;
				SWIFT_ACTIVE_COMPILATION_CONDITIONS = DEBUG;
				SWIFT_OPTIMIZATION_LEVEL = "-Onone";
			};
			name = Debug;
		};
		2FCDD8E32505085300677743 /* Release */ = {
			isa = XCBuildConfiguration;
			buildSettings = {
				ALWAYS_SEARCH_USER_PATHS = NO;
				CLANG_ANALYZER_NONNULL = YES;
				CLANG_ANALYZER_NUMBER_OBJECT_CONVERSION = YES_AGGRESSIVE;
				CLANG_CXX_LANGUAGE_STANDARD = "gnu++14";
				CLANG_CXX_LIBRARY = "libc++";
				CLANG_ENABLE_MODULES = YES;
				CLANG_ENABLE_OBJC_ARC = YES;
				CLANG_ENABLE_OBJC_WEAK = YES;
				CLANG_WARN_BLOCK_CAPTURE_AUTORELEASING = YES;
				CLANG_WARN_BOOL_CONVERSION = YES;
				CLANG_WARN_COMMA = YES;
				CLANG_WARN_CONSTANT_CONVERSION = YES;
				CLANG_WARN_DEPRECATED_OBJC_IMPLEMENTATIONS = YES;
				CLANG_WARN_DIRECT_OBJC_ISA_USAGE = YES_ERROR;
				CLANG_WARN_DOCUMENTATION_COMMENTS = YES;
				CLANG_WARN_EMPTY_BODY = YES;
				CLANG_WARN_ENUM_CONVERSION = YES;
				CLANG_WARN_INFINITE_RECURSION = YES;
				CLANG_WARN_INT_CONVERSION = YES;
				CLANG_WARN_NON_LITERAL_NULL_CONVERSION = YES;
				CLANG_WARN_OBJC_IMPLICIT_RETAIN_SELF = YES;
				CLANG_WARN_OBJC_LITERAL_CONVERSION = YES;
				CLANG_WARN_OBJC_ROOT_CLASS = YES_ERROR;
				CLANG_WARN_RANGE_LOOP_ANALYSIS = YES;
				CLANG_WARN_STRICT_PROTOTYPES = YES;
				CLANG_WARN_SUSPICIOUS_MOVE = YES;
				CLANG_WARN_UNGUARDED_AVAILABILITY = YES_AGGRESSIVE;
				CLANG_WARN_UNREACHABLE_CODE = YES;
				CLANG_WARN__DUPLICATE_METHOD_MATCH = YES;
				COPY_PHASE_STRIP = NO;
				DEBUG_INFORMATION_FORMAT = "dwarf-with-dsym";
				ENABLE_NS_ASSERTIONS = NO;
				ENABLE_STRICT_OBJC_MSGSEND = YES;
				GCC_C_LANGUAGE_STANDARD = gnu11;
				GCC_NO_COMMON_BLOCKS = YES;
				GCC_WARN_64_TO_32_BIT_CONVERSION = YES;
				GCC_WARN_ABOUT_RETURN_TYPE = YES_ERROR;
				GCC_WARN_UNDECLARED_SELECTOR = YES;
				GCC_WARN_UNINITIALIZED_AUTOS = YES_AGGRESSIVE;
				GCC_WARN_UNUSED_FUNCTION = YES;
				GCC_WARN_UNUSED_VARIABLE = YES;
				IPHONEOS_DEPLOYMENT_TARGET = 13.7;
				MTL_ENABLE_DEBUG_INFO = NO;
				MTL_FAST_MATH = YES;
				SDKROOT = iphoneos;
				SWIFT_COMPILATION_MODE = wholemodule;
				SWIFT_OPTIMIZATION_LEVEL = "-O";
				VALIDATE_PRODUCT = YES;
			};
			name = Release;
		};
		2FCDD8E52505085300677743 /* Debug */ = {
			isa = XCBuildConfiguration;
			baseConfigurationReference = 46D5D41D368939D626779055 /* Pods-CatExpo.debug.xcconfig */;
			buildSettings = {
				ASSETCATALOG_COMPILER_APPICON_NAME = AppIcon;
				CODE_SIGN_ENTITLEMENTS = CatExpo/CatExpo.entitlements;
				CODE_SIGN_STYLE = Automatic;
				DEVELOPMENT_ASSET_PATHS = "\"CatExpo/Preview Content\"";
				DEVELOPMENT_TEAM = 95R6A68CW4;
				ENABLE_PREVIEWS = YES;
				INFOPLIST_FILE = CatExpo/Info.plist;
				LD_RUNPATH_SEARCH_PATHS = (
					"$(inherited)",
					"@executable_path/Frameworks",
				);
				PRODUCT_BUNDLE_IDENTIFIER = net.fastme.CatExpo;
				PRODUCT_NAME = "$(TARGET_NAME)";
				SUPPORTS_MACCATALYST = YES;
				SWIFT_VERSION = 5.0;
				TARGETED_DEVICE_FAMILY = "1,2";
			};
			name = Debug;
		};
		2FCDD8E62505085300677743 /* Release */ = {
			isa = XCBuildConfiguration;
			baseConfigurationReference = C08591CC74DEFF1E276AEFE4 /* Pods-CatExpo.release.xcconfig */;
			buildSettings = {
				ASSETCATALOG_COMPILER_APPICON_NAME = AppIcon;
				CODE_SIGN_ENTITLEMENTS = CatExpo/CatExpo.entitlements;
				CODE_SIGN_STYLE = Automatic;
				DEVELOPMENT_ASSET_PATHS = "\"CatExpo/Preview Content\"";
				DEVELOPMENT_TEAM = 95R6A68CW4;
				ENABLE_PREVIEWS = YES;
				INFOPLIST_FILE = CatExpo/Info.plist;
				LD_RUNPATH_SEARCH_PATHS = (
					"$(inherited)",
					"@executable_path/Frameworks",
				);
				PRODUCT_BUNDLE_IDENTIFIER = net.fastme.CatExpo;
				PRODUCT_NAME = "$(TARGET_NAME)";
				SUPPORTS_MACCATALYST = YES;
				SWIFT_VERSION = 5.0;
				TARGETED_DEVICE_FAMILY = "1,2";
			};
			name = Release;
		};
/* End XCBuildConfiguration section */

/* Begin XCConfigurationList section */
		2FCDD8CB2505085200677743 /* Build configuration list for PBXProject "CatExpo" */ = {
			isa = XCConfigurationList;
			buildConfigurations = (
				2FCDD8E22505085300677743 /* Debug */,
				2FCDD8E32505085300677743 /* Release */,
			);
			defaultConfigurationIsVisible = 0;
			defaultConfigurationName = Release;
		};
		2FCDD8E42505085300677743 /* Build configuration list for PBXNativeTarget "CatExpo" */ = {
			isa = XCConfigurationList;
			buildConfigurations = (
				2FCDD8E52505085300677743 /* Debug */,
				2FCDD8E62505085300677743 /* Release */,
			);
			defaultConfigurationIsVisible = 0;
			defaultConfigurationName = Release;
		};
/* End XCConfigurationList section */
	};
	rootObject = 2FCDD8C82505085200677743 /* Project object */;
}
